Microsoft Visual Studio Solution File, Format Version 12.00
# Visual Studio Version 17
VisualStudioVersion = 17.5.2.0
MinimumVisualStudioVersion = 10.0.40219.1
Project("{FAE04EC0-301F-11D3-BF4B-00C04F79EFBC}") = "Recursion", "Recursion.csproj", "{CD782E1F-63B8-BB88-7642-1F306F38FFA1}"
EndProject
Global
	GlobalSection(SolutionConfigurationPlatforms) = preSolution
		Debug|Any CPU = Debug|Any CPU
		Release|Any CPU = Release|Any CPU
	EndGlobalSection
	GlobalSection(ProjectConfigurationPlatforms) = postSolution
		{CD782E1F-63B8-BB88-7642-1F306F38FFA1}.Debug|Any CPU.ActiveCfg = Debug|Any CPU
		{CD782E1F-63B8-BB88-7642-1F306F38FFA1}.Debug|Any CPU.Build.0 = Debug|Any CPU
		{CD782E1F-63B8-BB88-7642-1F306F38FFA1}.Release|Any CPU.ActiveCfg = Release|Any CPU
		{CD782E1F-63B8-BB88-7642-1F306F38FFA1}.Release|Any CPU.Build.0 = Release|Any CPU
	EndGlobalSection
	GlobalSection(SolutionProperties) = preSolution
		HideSolutionNode = FALSE
	EndGlobalSection
	GlobalSection(ExtensibilityGlobals) = postSolution
		SolutionGuid = {4CDE4A1B-2950-41BA-BAFC-FD3C9B0857B7}
	EndGlobalSection
EndGlobal
