Microsoft Visual Studio Solution File, Format Version 12.00
# Visual Studio Version 17
VisualStudioVersion = 17.5.2.0
MinimumVisualStudioVersion = 10.0.40219.1
Project("{FAE04EC0-301F-11D3-BF4B-00C04F79EFBC}") = "Products_App", "Products_App.csproj", "{B3D89002-B1F6-1280-14DB-01FDC7CC5381}"
EndProject
Global
	GlobalSection(SolutionConfigurationPlatforms) = preSolution
		Debug|Any CPU = Debug|Any CPU
		Release|Any CPU = Release|Any CPU
	EndGlobalSection
	GlobalSection(ProjectConfigurationPlatforms) = postSolution
		{B3D89002-B1F6-1280-14DB-01FDC7CC5381}.Debug|Any CPU.ActiveCfg = Debug|Any CPU
		{B3D89002-B1F6-1280-14DB-01FDC7CC5381}.Debug|Any CPU.Build.0 = Debug|Any CPU
		{B3D89002-B1F6-1280-14DB-01FDC7CC5381}.Release|Any CPU.ActiveCfg = Release|Any CPU
		{B3D89002-B1F6-1280-14DB-01FDC7CC5381}.Release|Any CPU.Build.0 = Release|Any CPU
	EndGlobalSection
	GlobalSection(SolutionProperties) = preSolution
		HideSolutionNode = FALSE
	EndGlobalSection
	GlobalSection(ExtensibilityGlobals) = postSolution
		SolutionGuid = {BFAAAA67-3CC9-4B4B-A560-EB214F63E5CC}
	EndGlobalSection
EndGlobal
