Microsoft Visual Studio Solution File, Format Version 12.00
# Visual Studio Version 17
VisualStudioVersion = 17.5.2.0
MinimumVisualStudioVersion = 10.0.40219.1
Project("{FAE04EC0-301F-11D3-BF4B-00C04F79EFBC}") = "DraftOldStyle", "DraftOldStyle.csproj", "{53812A3B-369D-83FB-FAA1-4768466864F6}"
EndProject
Global
	GlobalSection(SolutionConfigurationPlatforms) = preSolution
		Debug|Any CPU = Debug|Any CPU
		Release|Any CPU = Release|Any CPU
	EndGlobalSection
	GlobalSection(ProjectConfigurationPlatforms) = postSolution
		{53812A3B-369D-83FB-FAA1-4768466864F6}.Debug|Any CPU.ActiveCfg = Debug|Any CPU
		{53812A3B-369D-83FB-FAA1-4768466864F6}.Debug|Any CPU.Build.0 = Debug|Any CPU
		{53812A3B-369D-83FB-FAA1-4768466864F6}.Release|Any CPU.ActiveCfg = Release|Any CPU
		{53812A3B-369D-83FB-FAA1-4768466864F6}.Release|Any CPU.Build.0 = Release|Any CPU
	EndGlobalSection
	GlobalSection(SolutionProperties) = preSolution
		HideSolutionNode = FALSE
	EndGlobalSection
	GlobalSection(ExtensibilityGlobals) = postSolution
		SolutionGuid = {274B9A23-4C4D-46D1-84E6-08ABAB7C88D6}
	EndGlobalSection
EndGlobal
