Microsoft Visual Studio Solution File, Format Version 12.00
# Visual Studio Version 17
VisualStudioVersion = 17.5.2.0
MinimumVisualStudioVersion = 10.0.40219.1
Project("{FAE04EC0-301F-11D3-BF4B-00C04F79EFBC}") = "GradesCalculator", "GradesCalculator.csproj", "{1ED50E14-3CAB-6823-6C6B-88C257F84433}"
EndProject
Global
	GlobalSection(SolutionConfigurationPlatforms) = preSolution
		Debug|Any CPU = Debug|Any CPU
		Release|Any CPU = Release|Any CPU
	EndGlobalSection
	GlobalSection(ProjectConfigurationPlatforms) = postSolution
		{1ED50E14-3CAB-6823-6C6B-88C257F84433}.Debug|Any CPU.ActiveCfg = Debug|Any CPU
		{1ED50E14-3CAB-6823-6C6B-88C257F84433}.Debug|Any CPU.Build.0 = Debug|Any CPU
		{1ED50E14-3CAB-6823-6C6B-88C257F84433}.Release|Any CPU.ActiveCfg = Release|Any CPU
		{1ED50E14-3CAB-6823-6C6B-88C257F84433}.Release|Any CPU.Build.0 = Release|Any CPU
	EndGlobalSection
	GlobalSection(SolutionProperties) = preSolution
		HideSolutionNode = FALSE
	EndGlobalSection
	GlobalSection(ExtensibilityGlobals) = postSolution
		SolutionGuid = {052A5C20-E479-4EAF-B3FF-6010BD8FB486}
	EndGlobalSection
EndGlobal
